
Microsoft Visual Studio Solution File, Format Version 12.00
# Visual Studio Version 17
VisualStudioVersion = 17.4.33205.214
MinimumVisualStudioVersion = 10.0.40219.1
Project("{FAE04EC0-301F-11D3-BF4B-00C04F79EFBC}") = "DapperEjemplo", "DapperEjemplo\DapperEjemplo.csproj", "{935AAEFC-17FC-4BB3-8776-8969AAEBD24D}"
EndProject
Global
	GlobalSection(SolutionConfigurationPlatforms) = preSolution
		Debug|Any CPU = Debug|Any CPU
		Release|Any CPU = Release|Any CPU
	EndGlobalSection
	GlobalSection(ProjectConfigurationPlatforms) = postSolution
		{935AAEFC-17FC-4BB3-8776-8969AAEBD24D}.Debug|Any CPU.ActiveCfg = Debug|Any CPU
		{935AAEFC-17FC-4BB3-8776-8969AAEBD24D}.Debug|Any CPU.Build.0 = Debug|Any CPU
		{935AAEFC-17FC-4BB3-8776-8969AAEBD24D}.Release|Any CPU.ActiveCfg = Release|Any CPU
		{935AAEFC-17FC-4BB3-8776-8969AAEBD24D}.Release|Any CPU.Build.0 = Release|Any CPU
	EndGlobalSection
	GlobalSection(SolutionProperties) = preSolution
		HideSolutionNode = FALSE
	EndGlobalSection
	GlobalSection(ExtensibilityGlobals) = postSolution
		SolutionGuid = {951A33BE-FA95-400F-9243-AD1F8FBDAFD5}
	EndGlobalSection
EndGlobal
